
Microsoft Visual Studio Solution File, Format Version 12.00
# Visual Studio Version 17
VisualStudioVersion = 17.5.33530.505
MinimumVisualStudioVersion = 10.0.40219.1
Project("{FAE04EC0-301F-11D3-BF4B-00C04F79EFBC}") = "Process-Scheduling", "Process-Scheduling\Process-Scheduling.csproj", "{53B7E8A1-10EE-4430-A1E9-1EDDE0488E76}"
EndProject
Global
	GlobalSection(SolutionConfigurationPlatforms) = preSolution
		Debug|Any CPU = Debug|Any CPU
		Release|Any CPU = Release|Any CPU
	EndGlobalSection
	GlobalSection(ProjectConfigurationPlatforms) = postSolution
		{53B7E8A1-10EE-4430-A1E9-1EDDE0488E76}.Debug|Any CPU.ActiveCfg = Debug|Any CPU
		{53B7E8A1-10EE-4430-A1E9-1EDDE0488E76}.Debug|Any CPU.Build.0 = Debug|Any CPU
		{53B7E8A1-10EE-4430-A1E9-1EDDE0488E76}.Release|Any CPU.ActiveCfg = Release|Any CPU
		{53B7E8A1-10EE-4430-A1E9-1EDDE0488E76}.Release|Any CPU.Build.0 = Release|Any CPU
	EndGlobalSection
	GlobalSection(SolutionProperties) = preSolution
		HideSolutionNode = FALSE
	EndGlobalSection
	GlobalSection(ExtensibilityGlobals) = postSolution
		SolutionGuid = {4BBC87E6-3D45-4150-9766-72FAAA6715EB}
	EndGlobalSection
EndGlobal
